
Microsoft Visual Studio Solution File, Format Version 12.00
Project("{FAE04EC0-301F-11D3-BF4B-00C04F79EFBC}") = "FileService.Web", "FileService.Web\FileService.Web.csproj", "{A69F6D0C-B4FF-4C3F-BB1C-73B8E2F8DB09}"
EndProject
Project("{FAE04EC0-301F-11D3-BF4B-00C04F79EFBC}") = "FileService.Core", "FileService.Core\FileService.Core.csproj", "{8E4E513F-1CE7-46A1-9036-1C1DD83956F0}"
EndProject
Project("{FAE04EC0-301F-11D3-BF4B-00C04F79EFBC}") = "FileService.Infrastructure.S3", "FileService.Infrastructure.S3\FileService.Infrastructure.S3.csproj", "{7683DEA9-4DF3-41FC-AFDF-28025F2DA6B6}"
EndProject
Project("{FAE04EC0-301F-11D3-BF4B-00C04F79EFBC}") = "FileService.Infrastructure.Postgres", "FileService.Infrastructure.Postgres\FileService.Infrastructure.Postgres.csproj", "{6A66DDFB-4D65-4639-BBCE-E08A2F9D33CD}"
EndProject
Project("{FAE04EC0-301F-11D3-BF4B-00C04F79EFBC}") = "FileService.Domain", "FileService.Domain\FileService.Domain.csproj", "{D0A680FC-E498-4195-B7A5-926A70FF8AC0}"
EndProject
Project("{2150E333-8FDC-42A3-9474-1A3956D46DE8}") = "SolutionFolder", "SolutionFolder", "{AF0D32CC-9E3B-4518-948C-64A6BB5FEB6D}"
	ProjectSection(SolutionItems) = preProject
		.editorconfig = .editorconfig
		Directory.Build.props = Directory.Build.props
		Directory.Packages.props = Directory.Packages.props
	EndProjectSection
EndProject
Project("{FAE04EC0-301F-11D3-BF4B-00C04F79EFBC}") = "FileService.Contracts", "FileService.Contracts\FileService.Contracts.csproj", "{FEBC501A-CF83-46A5-8F0C-769957C7F939}"
EndProject
Global
	GlobalSection(SolutionConfigurationPlatforms) = preSolution
		Debug|Any CPU = Debug|Any CPU
		Release|Any CPU = Release|Any CPU
	EndGlobalSection
	GlobalSection(ProjectConfigurationPlatforms) = postSolution
		{A69F6D0C-B4FF-4C3F-BB1C-73B8E2F8DB09}.Debug|Any CPU.ActiveCfg = Debug|Any CPU
		{A69F6D0C-B4FF-4C3F-BB1C-73B8E2F8DB09}.Debug|Any CPU.Build.0 = Debug|Any CPU
		{A69F6D0C-B4FF-4C3F-BB1C-73B8E2F8DB09}.Release|Any CPU.ActiveCfg = Release|Any CPU
		{A69F6D0C-B4FF-4C3F-BB1C-73B8E2F8DB09}.Release|Any CPU.Build.0 = Release|Any CPU
		{8E4E513F-1CE7-46A1-9036-1C1DD83956F0}.Debug|Any CPU.ActiveCfg = Debug|Any CPU
		{8E4E513F-1CE7-46A1-9036-1C1DD83956F0}.Debug|Any CPU.Build.0 = Debug|Any CPU
		{8E4E513F-1CE7-46A1-9036-1C1DD83956F0}.Release|Any CPU.ActiveCfg = Release|Any CPU
		{8E4E513F-1CE7-46A1-9036-1C1DD83956F0}.Release|Any CPU.Build.0 = Release|Any CPU
		{7683DEA9-4DF3-41FC-AFDF-28025F2DA6B6}.Debug|Any CPU.ActiveCfg = Debug|Any CPU
		{7683DEA9-4DF3-41FC-AFDF-28025F2DA6B6}.Debug|Any CPU.Build.0 = Debug|Any CPU
		{7683DEA9-4DF3-41FC-AFDF-28025F2DA6B6}.Release|Any CPU.ActiveCfg = Release|Any CPU
		{7683DEA9-4DF3-41FC-AFDF-28025F2DA6B6}.Release|Any CPU.Build.0 = Release|Any CPU
		{6A66DDFB-4D65-4639-BBCE-E08A2F9D33CD}.Debug|Any CPU.ActiveCfg = Debug|Any CPU
		{6A66DDFB-4D65-4639-BBCE-E08A2F9D33CD}.Debug|Any CPU.Build.0 = Debug|Any CPU
		{6A66DDFB-4D65-4639-BBCE-E08A2F9D33CD}.Release|Any CPU.ActiveCfg = Release|Any CPU
		{6A66DDFB-4D65-4639-BBCE-E08A2F9D33CD}.Release|Any CPU.Build.0 = Release|Any CPU
		{D0A680FC-E498-4195-B7A5-926A70FF8AC0}.Debug|Any CPU.ActiveCfg = Debug|Any CPU
		{D0A680FC-E498-4195-B7A5-926A70FF8AC0}.Debug|Any CPU.Build.0 = Debug|Any CPU
		{D0A680FC-E498-4195-B7A5-926A70FF8AC0}.Release|Any CPU.ActiveCfg = Release|Any CPU
		{D0A680FC-E498-4195-B7A5-926A70FF8AC0}.Release|Any CPU.Build.0 = Release|Any CPU
		{FEBC501A-CF83-46A5-8F0C-769957C7F939}.Debug|Any CPU.ActiveCfg = Debug|Any CPU
		{FEBC501A-CF83-46A5-8F0C-769957C7F939}.Debug|Any CPU.Build.0 = Debug|Any CPU
		{FEBC501A-CF83-46A5-8F0C-769957C7F939}.Release|Any CPU.ActiveCfg = Release|Any CPU
		{FEBC501A-CF83-46A5-8F0C-769957C7F939}.Release|Any CPU.Build.0 = Release|Any CPU
	EndGlobalSection
EndGlobal
