
Microsoft Visual Studio Solution File, Format Version 12.00
Project("{FAE04EC0-301F-11D3-BF4B-00C04F79EFBC}") = "DirectoryService.Domain", "src\DirectoryService.Domain\DirectoryService.Domain.csproj", "{4B6D92F7-C5EF-4B2E-ADF1-7647643F9668}"
EndProject
Project("{2150E333-8FDC-42A3-9474-1A3956D46DE8}") = "src", "src", "{6AC6D380-95C3-41A0-86E7-4F329AF95D4A}"
EndProject
Project("{FAE04EC0-301F-11D3-BF4B-00C04F79EFBC}") = "DirectoryService.Web", "src\DirectoryService.Web\DirectoryService.Web.csproj", "{A7F39BEC-C6E6-49AB-BDFD-1083D9E180BA}"
EndProject
Project("{2150E333-8FDC-42A3-9474-1A3956D46DE8}") = "Solution Items", "Solution Items", "{5DEC2A5A-3CC2-4EF1-B1D3-C6930CB7CB0D}"
	ProjectSection(SolutionItems) = preProject
		Directory.Build.props = Directory.Build.props
		.editorconfig = .editorconfig
	EndProjectSection
EndProject
Project("{FAE04EC0-301F-11D3-BF4B-00C04F79EFBC}") = "DirectoryService.Infrastructure.Postgresql", "src\DirectoryService.Infrastructure.Postgresql\DirectoryService.Infrastructure.Postgresql.csproj", "{98A73184-D5D5-4549-924F-E69AC1094C61}"
EndProject
Project("{FAE04EC0-301F-11D3-BF4B-00C04F79EFBC}") = "DirectoryService.Application", "src\DirectoryService.Application\DirectoryService.Application.csproj", "{7EA17DFF-0B97-470B-8ACC-087A9940664E}"
EndProject
Project("{FAE04EC0-301F-11D3-BF4B-00C04F79EFBC}") = "DirectoryService.Contracts", "src\DirectoryService.Contracts\DirectoryService.Contracts.csproj", "{17407C4B-2535-4A97-88AA-FCCF12241FF7}"
EndProject
Global
	GlobalSection(SolutionConfigurationPlatforms) = preSolution
		Debug|Any CPU = Debug|Any CPU
		Release|Any CPU = Release|Any CPU
	EndGlobalSection
	GlobalSection(ProjectConfigurationPlatforms) = postSolution
		{4B6D92F7-C5EF-4B2E-ADF1-7647643F9668}.Debug|Any CPU.ActiveCfg = Debug|Any CPU
		{4B6D92F7-C5EF-4B2E-ADF1-7647643F9668}.Debug|Any CPU.Build.0 = Debug|Any CPU
		{4B6D92F7-C5EF-4B2E-ADF1-7647643F9668}.Release|Any CPU.ActiveCfg = Release|Any CPU
		{4B6D92F7-C5EF-4B2E-ADF1-7647643F9668}.Release|Any CPU.Build.0 = Release|Any CPU
		{A7F39BEC-C6E6-49AB-BDFD-1083D9E180BA}.Debug|Any CPU.ActiveCfg = Debug|Any CPU
		{A7F39BEC-C6E6-49AB-BDFD-1083D9E180BA}.Debug|Any CPU.Build.0 = Debug|Any CPU
		{A7F39BEC-C6E6-49AB-BDFD-1083D9E180BA}.Release|Any CPU.ActiveCfg = Release|Any CPU
		{A7F39BEC-C6E6-49AB-BDFD-1083D9E180BA}.Release|Any CPU.Build.0 = Release|Any CPU
		{98A73184-D5D5-4549-924F-E69AC1094C61}.Debug|Any CPU.ActiveCfg = Debug|Any CPU
		{98A73184-D5D5-4549-924F-E69AC1094C61}.Debug|Any CPU.Build.0 = Debug|Any CPU
		{98A73184-D5D5-4549-924F-E69AC1094C61}.Release|Any CPU.ActiveCfg = Release|Any CPU
		{98A73184-D5D5-4549-924F-E69AC1094C61}.Release|Any CPU.Build.0 = Release|Any CPU
		{7EA17DFF-0B97-470B-8ACC-087A9940664E}.Debug|Any CPU.ActiveCfg = Debug|Any CPU
		{7EA17DFF-0B97-470B-8ACC-087A9940664E}.Debug|Any CPU.Build.0 = Debug|Any CPU
		{7EA17DFF-0B97-470B-8ACC-087A9940664E}.Release|Any CPU.ActiveCfg = Release|Any CPU
		{7EA17DFF-0B97-470B-8ACC-087A9940664E}.Release|Any CPU.Build.0 = Release|Any CPU
		{17407C4B-2535-4A97-88AA-FCCF12241FF7}.Debug|Any CPU.ActiveCfg = Debug|Any CPU
		{17407C4B-2535-4A97-88AA-FCCF12241FF7}.Debug|Any CPU.Build.0 = Debug|Any CPU
		{17407C4B-2535-4A97-88AA-FCCF12241FF7}.Release|Any CPU.ActiveCfg = Release|Any CPU
		{17407C4B-2535-4A97-88AA-FCCF12241FF7}.Release|Any CPU.Build.0 = Release|Any CPU
	EndGlobalSection
	GlobalSection(NestedProjects) = preSolution
		{4B6D92F7-C5EF-4B2E-ADF1-7647643F9668} = {6AC6D380-95C3-41A0-86E7-4F329AF95D4A}
		{A7F39BEC-C6E6-49AB-BDFD-1083D9E180BA} = {6AC6D380-95C3-41A0-86E7-4F329AF95D4A}
		{98A73184-D5D5-4549-924F-E69AC1094C61} = {6AC6D380-95C3-41A0-86E7-4F329AF95D4A}
		{7EA17DFF-0B97-470B-8ACC-087A9940664E} = {6AC6D380-95C3-41A0-86E7-4F329AF95D4A}
		{17407C4B-2535-4A97-88AA-FCCF12241FF7} = {6AC6D380-95C3-41A0-86E7-4F329AF95D4A}
	EndGlobalSection
EndGlobal
